// !$*UTF8*$!
{
	archiveVersion = 1;
	classes = {
	};
	objectVersion = 46;
	objects = {

/* Begin PBXBuildFile section */
		94A3192B1C8F014D00D487CB /* AppDelegate.swift in Sources */ = {isa = PBXBuildFile; fileRef = 94A3192A1C8F014D00D487CB /* AppDelegate.swift */; };
		94A3192D1C8F014D00D487CB /* ViewController.swift in Sources */ = {isa = PBXBuildFile; fileRef = 94A3192C1C8F014D00D487CB /* ViewController.swift */; };
		94A319301C8F014D00D487CB /* Main.storyboard in Resources */ = {isa = PBXBuildFile; fileRef = 94A3192E1C8F014D00D487CB /* Main.storyboard */; };
		94A319321C8F014D00D487CB /* Assets.xcassets in Resources */ = {isa = PBXBuildFile; fileRef = 94A319311C8F014D00D487CB /* Assets.xcassets */; };
		94A319351C8F014D00D487CB /* LaunchScreen.storyboard in Resources */ = {isa = PBXBuildFile; fileRef = 94A319331C8F014D00D487CB /* LaunchScreen.storyboard */; };
		94A319401C8F014D00D487CB /* FirstAppTests.swift in Sources */ = {isa = PBXBuildFile; fileRef = 94A3193F1C8F014D00D487CB /* FirstAppTests.swift */; };
/* End PBXBuildFile section */

/* Begin PBXContainerItemProxy section */
		94A3193C1C8F014D00D487CB /* PBXContainerItemProxy */ = {
			isa = PBXContainerItemProxy;
			containerPortal = 94A3191F1C8F014C00D487CB /* Project object */;
			proxyType = 1;
			remoteGlobalIDString = 94A319261C8F014C00D487CB;
			remoteInfo = FirstApp;
		};
/* End PBXContainerItemProxy section */

/* Begin PBXFileReference section */
		94A319271C8F014C00D487CB /* FirstApp.app */ = {isa = PBXFileReference; explicitFileType = wrapper.application; includeInIndex = 0; path = FirstApp.app; sourceTree = BUILT_PRODUCTS_DIR; };
		94A3192A1C8F014D00D487CB /* AppDelegate.swift */ = {isa = PBXFileReference; lastKnownFileType = sourcecode.swift; path = AppDelegate.swift; sourceTree = "<group>"; };
		94A3192C1C8F014D00D487CB /* ViewController.swift */ = {isa = PBXFileReference; lastKnownFileType = sourcecode.swift; path = ViewController.swift; sourceTree = "<group>"; };
		94A3192F1C8F014D00D487CB /* Base */ = {isa = PBXFileReference; lastKnownFileType = file.storyboard; name = Base; path = Base.lproj/Main.storyboard; sourceTree = "<group>"; };
		94A319311C8F014D00D487CB /* Assets.xcassets */ = {isa = PBXFileReference; lastKnownFileType = folder.assetcatalog; path = Assets.xcassets; sourceTree = "<group>"; };
		94A319341C8F014D00D487CB /* Base */ = {isa = PBXFileReference; lastKnownFileType = file.storyboard; name = Base; path = Base.lproj/LaunchScreen.storyboard; sourceTree = "<group>"; };
		94A319361C8F014D00D487CB /* Info.plist */ = {isa = PBXFileReference; lastKnownFileType = text.plist.xml; path = Info.plist; sourceTree = "<group>"; };
		94A3193B1C8F014D00D487CB /* FirstAppTests.xctest */ = {isa = PBXFileReference; explicitFileType = wrapper.cfbundle; includeInIndex = 0; path = FirstAppTests.xctest; sourceTree = BUILT_PRODUCTS_DIR; };
		94A3193F1C8F014D00D487CB /* FirstAppTests.swift */ = {isa = PBXFileReference; lastKnownFileType = sourcecode.swift; path = FirstAppTests.swift; sourceTree = "<group>"; };
		94A319411C8F014D00D487CB /* Info.plist */ = {isa = PBXFileReference; lastKnownFileType = text.plist.xml; path = Info.plist; sourceTree = "<group>"; };
/* End PBXFileReference section */

/* Begin PBXFrameworksBuildPhase section */
		94A319241C8F014C00D487CB /* Frameworks */ = {
			isa = PBXFrameworksBuildPhase;
			buildActionMask = 2147483647;
			files = (
			);
			runOnlyForDeploymentPostprocessing = 0;
		};
		94A319381C8F014D00D487CB /* Frameworks */ = {
			isa = PBXFrameworksBuildPhase;
			buildActionMask = 2147483647;
			files = (
			);
			runOnlyForDeploymentPostprocessing = 0;
		};
/* End PBXFrameworksBuildPhase section */

/* Begin PBXGroup section */
		94A3191E1C8F014C00D487CB = {
			isa = PBXGroup;
			children = (
				94A319291C8F014C00D487CB /* FirstApp */,
				94A3193E1C8F014D00D487CB /* FirstAppTests */,
				94A319281C8F014C00D487CB /* Products */,
			);
			sourceTree = "<group>";
		};
		94A319281C8F014C00D487CB /* Products */ = {
			isa = PBXGroup;
			children = (
				94A319271C8F014C00D487CB /* FirstApp.app */,
				94A3193B1C8F014D00D487CB /* FirstAppTests.xctest */,
			);
			name = Products;
			sourceTree = "<group>";
		};
		94A319291C8F014C00D487CB /* FirstApp */ = {
			isa = PBXGroup;
			children = (
				94A3192A1C8F014D00D487CB /* AppDelegate.swift */,
				94A3192C1C8F014D00D487CB /* ViewController.swift */,
				94A3192E1C8F014D00D487CB /* Main.storyboard */,
				94A319311C8F014D00D487CB /* Assets.xcassets */,
				94A319331C8F014D00D487CB /* LaunchScreen.storyboard */,
				94A319361C8F014D00D487CB /* Info.plist */,
			);
			path = FirstApp;
			sourceTree = "<group>";
		};
		94A3193E1C8F014D00D487CB /* FirstAppTests */ = {
			isa = PBXGroup;
			children = (
				94A3193F1C8F014D00D487CB /* FirstAppTests.swift */,
				94A319411C8F014D00D487CB /* Info.plist */,
			);
			path = FirstAppTests;
			sourceTree = "<group>";
		};
/* End PBXGroup section */

/* Begin PBXNativeTarget section */
		94A319261C8F014C00D487CB /* FirstApp */ = {
			isa = PBXNativeTarget;
			buildConfigurationList = 94A319441C8F014D00D487CB /* Build configuration list for PBXNativeTarget "FirstApp" */;
			buildPhases = (
				94A319231C8F014C00D487CB /* Sources */,
				94A319241C8F014C00D487CB /* Frameworks */,
				94A319251C8F014C00D487CB /* Resources */,
			);
			buildRules = (
			);
			dependencies = (
			);
			name = FirstApp;
			productName = FirstApp;
			productReference = 94A319271C8F014C00D487CB /* FirstApp.app */;
			productType = "com.apple.product-type.application";
		};
		94A3193A1C8F014D00D487CB /* FirstAppTests */ = {
			isa = PBXNativeTarget;
			buildConfigurationList = 94A319471C8F014D00D487CB /* Build configuration list for PBXNativeTarget "FirstAppTests" */;
			buildPhases = (
				94A319371C8F014D00D487CB /* Sources */,
				94A319381C8F014D00D487CB /* Frameworks */,
				94A319391C8F014D00D487CB /* Resources */,
			);
			buildRules = (
			);
			dependencies = (
				94A3193D1C8F014D00D487CB /* PBXTargetDependency */,
			);
			name = FirstAppTests;
			productName = FirstAppTests;
			productReference = 94A3193B1C8F014D00D487CB /* FirstAppTests.xctest */;
			productType = "com.apple.product-type.bundle.unit-test";
		};
/* End PBXNativeTarget section */

/* Begin PBXProject section */
		94A3191F1C8F014C00D487CB /* Project object */ = {
			isa = PBXProject;
			attributes = {
				LastSwiftUpdateCheck = 0720;
				LastUpgradeCheck = 0720;
				ORGANIZATIONNAME = "Profit Software";
				TargetAttributes = {
					94A319261C8F014C00D487CB = {
						CreatedOnToolsVersion = 7.2.1;
					};
					94A3193A1C8F014D00D487CB = {
						CreatedOnToolsVersion = 7.2.1;
						TestTargetID = 94A319261C8F014C00D487CB;
					};
				};
			};
			buildConfigurationList = 94A319221C8F014C00D487CB /* Build configuration list for PBXProject "FirstApp" */;
			compatibilityVersion = "Xcode 3.2";
			developmentRegion = English;
			hasScannedForEncodings = 0;
			knownRegions = (
				en,
				Base,
			);
			mainGroup = 94A3191E1C8F014C00D487CB;
			productRefGroup = 94A319281C8F014C00D487CB /* Products */;
			projectDirPath = "";
			projectRoot = "";
			targets = (
				94A319261C8F014C00D487CB /* FirstApp */,
				94A3193A1C8F014D00D487CB /* FirstAppTests */,
			);
		};
/* End PBXProject section */

/* Begin PBXResourcesBuildPhase section */
		94A319251C8F014C00D487CB /* Resources */ = {
			isa = PBXResourcesBuildPhase;
			buildActionMask = 2147483647;
			files = (
				94A319351C8F014D00D487CB /* LaunchScreen.storyboard in Resources */,
				94A319321C8F014D00D487CB /* Assets.xcassets in Resources */,
				94A319301C8F014D00D487CB /* Main.storyboard in Resources */,
			);
			runOnlyForDeploymentPostprocessing = 0;
		};
		94A319391C8F014D00D487CB /* Resources */ = {
			isa = PBXResourcesBuildPhase;
			buildActionMask = 2147483647;
			files = (
			);
			runOnlyForDeploymentPostprocessing = 0;
		};
/* End PBXResourcesBuildPhase section */

/* Begin PBXSourcesBuildPhase section */
		94A319231C8F014C00D487CB /* Sources */ = {
			isa = PBXSourcesBuildPhase;
			buildActionMask = 2147483647;
			files = (
				94A3192D1C8F014D00D487CB /* ViewController.swift in Sources */,
				94A3192B1C8F014D00D487CB /* AppDelegate.swift in Sources */,
			);
			runOnlyForDeploymentPostprocessing = 0;
		};
		94A319371C8F014D00D487CB /* Sources */ = {
			isa = PBXSourcesBuildPhase;
			buildActionMask = 2147483647;
			files = (
				94A319401C8F014D00D487CB /* FirstAppTests.swift in Sources */,
			);
			runOnlyForDeploymentPostprocessing = 0;
		};
/* End PBXSourcesBuildPhase section */

/* Begin PBXTargetDependency section */
		94A3193D1C8F014D00D487CB /* PBXTargetDependency */ = {
			isa = PBXTargetDependency;
			target = 94A319261C8F014C00D487CB /* FirstApp */;
			targetProxy = 94A3193C1C8F014D00D487CB /* PBXContainerItemProxy */;
		};
/* End PBXTargetDependency section */

/* Begin PBXVariantGroup section */
		94A3192E1C8F014D00D487CB /* Main.storyboard */ = {
			isa = PBXVariantGroup;
			children = (
				94A3192F1C8F014D00D487CB /* Base */,
			);
			name = Main.storyboard;
			sourceTree = "<group>";
		};
		94A319331C8F014D00D487CB /* LaunchScreen.storyboard */ = {
			isa = PBXVariantGroup;
			children = (
				94A319341C8F014D00D487CB /* Base */,
			);
			name = LaunchScreen.storyboard;
			sourceTree = "<group>";
		};
/* End PBXVariantGroup section */

/* Begin XCBuildConfiguration section */
		94A319421C8F014D00D487CB /* Debug */ = {
			isa = XCBuildConfiguration;
			buildSettings = {
				ALWAYS_SEARCH_USER_PATHS = NO;
				CLANG_CXX_LANGUAGE_STANDARD = "gnu++0x";
				CLANG_CXX_LIBRARY = "libc++";
				CLANG_ENABLE_MODULES = YES;
				CLANG_ENABLE_OBJC_ARC = YES;
				CLANG_WARN_BOOL_CONVERSION = YES;
				CLANG_WARN_CONSTANT_CONVERSION = YES;
				CLANG_WARN_DIRECT_OBJC_ISA_USAGE = YES_ERROR;
				CLANG_WARN_EMPTY_BODY = YES;
				CLANG_WARN_ENUM_CONVERSION = YES;
				CLANG_WARN_INT_CONVERSION = YES;
				CLANG_WARN_OBJC_ROOT_CLASS = YES_ERROR;
				CLANG_WARN_UNREACHABLE_CODE = YES;
				CLANG_WARN__DUPLICATE_METHOD_MATCH = YES;
				"CODE_SIGN_IDENTITY[sdk=iphoneos*]" = "iPhone Developer";
				COPY_PHASE_STRIP = NO;
				DEBUG_INFORMATION_FORMAT = dwarf;
				ENABLE_STRICT_OBJC_MSGSEND = YES;
				ENABLE_TESTABILITY = YES;
				GCC_C_LANGUAGE_STANDARD = gnu99;
				GCC_DYNAMIC_NO_PIC = NO;
				GCC_NO_COMMON_BLOCKS = YES;
				GCC_OPTIMIZATION_LEVEL = 0;
				GCC_PREPROCESSOR_DEFINITIONS = (
					"DEBUG=1",
					"$(inherited)",
				);
				GCC_WARN_64_TO_32_BIT_CONVERSION = YES;
				GCC_WARN_ABOUT_RETURN_TYPE = YES_ERROR;
				GCC_WARN_UNDECLARED_SELECTOR = YES;
				GCC_WARN_UNINITIALIZED_AUTOS = YES_AGGRESSIVE;
				GCC_WARN_UNUSED_FUNCTION = YES;
				GCC_WARN_UNUSED_VARIABLE = YES;
				IPHONEOS_DEPLOYMENT_TARGET = 9.2;
				MTL_ENABLE_DEBUG_INFO = YES;
				ONLY_ACTIVE_ARCH = YES;
				SDKROOT = iphoneos;
				SWIFT_OPTIMIZATION_LEVEL = "-Onone";
				TARGETED_DEVICE_FAMILY = "1,2";
			};
			name = Debug;
		};
		94A319431C8F014D00D487CB /* Release */ = {
			isa = XCBuildConfiguration;
			buildSettings = {
				ALWAYS_SEARCH_USER_PATHS = NO;
				CLANG_CXX_LANGUAGE_STANDARD = "gnu++0x";
				CLANG_CXX_LIBRARY = "libc++";
				CLANG_ENABLE_MODULES = YES;
				CLANG_ENABLE_OBJC_ARC = YES;
				CLANG_WARN_BOOL_CONVERSION = YES;
				CLANG_WARN_CONSTANT_CONVERSION = YES;
				CLANG_WARN_DIRECT_OBJC_ISA_USAGE = YES_ERROR;
				CLANG_WARN_EMPTY_BODY = YES;
				CLANG_WARN_ENUM_CONVERSION = YES;
				CLANG_WARN_INT_CONVERSION = YES;
				CLANG_WARN_OBJC_ROOT_CLASS = YES_ERROR;
				CLANG_WARN_UNREACHABLE_CODE = YES;
				CLANG_WARN__DUPLICATE_METHOD_MATCH = YES;
				"CODE_SIGN_IDENTITY[sdk=iphoneos*]" = "iPhone Developer";
				COPY_PHASE_STRIP = NO;
				DEBUG_INFORMATION_FORMAT = "dwarf-with-dsym";
				ENABLE_NS_ASSERTIONS = NO;
				ENABLE_STRICT_OBJC_MSGSEND = YES;
				GCC_C_LANGUAGE_STANDARD = gnu99;
				GCC_NO_COMMON_BLOCKS = YES;
				GCC_WARN_64_TO_32_BIT_CONVERSION = YES;
				GCC_WARN_ABOUT_RETURN_TYPE = YES_ERROR;
				GCC_WARN_UNDECLARED_SELECTOR = YES;
				GCC_WARN_UNINITIALIZED_AUTOS = YES_AGGRESSIVE;
				GCC_WARN_UNUSED_FUNCTION = YES;
				GCC_WARN_UNUSED_VARIABLE = YES;
				IPHONEOS_DEPLOYMENT_TARGET = 9.2;
				MTL_ENABLE_DEBUG_INFO = NO;
				SDKROOT = iphoneos;
				TARGETED_DEVICE_FAMILY = "1,2";
				VALIDATE_PRODUCT = YES;
			};
			name = Release;
		};
		94A319451C8F014D00D487CB /* Debug */ = {
			isa = XCBuildConfiguration;
			buildSettings = {
				ASSETCATALOG_COMPILER_APPICON_NAME = AppIcon;
				INFOPLIST_FILE = FirstApp/Info.plist;
				LD_RUNPATH_SEARCH_PATHS = "$(inherited) @executable_path/Frameworks";
				PRODUCT_BUNDLE_IDENTIFIER = fi.profitsoftware.FirstApp;
				PRODUCT_NAME = "$(TARGET_NAME)";
			};
			name = Debug;
		};
		94A319461C8F014D00D487CB /* Release */ = {
			isa = XCBuildConfiguration;
			buildSettings = {
				ASSETCATALOG_COMPILER_APPICON_NAME = AppIcon;
				INFOPLIST_FILE = FirstApp/Info.plist;
				LD_RUNPATH_SEARCH_PATHS = "$(inherited) @executable_path/Frameworks";
				PRODUCT_BUNDLE_IDENTIFIER = fi.profitsoftware.FirstApp;
				PRODUCT_NAME = "$(TARGET_NAME)";
			};
			name = Release;
		};
		94A319481C8F014D00D487CB /* Debug */ = {
			isa = XCBuildConfiguration;
			buildSettings = {
				BUNDLE_LOADER = "$(TEST_HOST)";
				INFOPLIST_FILE = FirstAppTests/Info.plist;
				LD_RUNPATH_SEARCH_PATHS = "$(inherited) @executable_path/Frameworks @loader_path/Frameworks";
				PRODUCT_BUNDLE_IDENTIFIER = fi.profitsoftware.FirstAppTests;
				PRODUCT_NAME = "$(TARGET_NAME)";
				TEST_HOST = "$(BUILT_PRODUCTS_DIR)/FirstApp.app/FirstApp";
			};
			name = Debug;
		};
		94A319491C8F014D00D487CB /* Release */ = {
			isa = XCBuildConfiguration;
			buildSettings = {
				BUNDLE_LOADER = "$(TEST_HOST)";
				INFOPLIST_FILE = FirstAppTests/Info.plist;
				LD_RUNPATH_SEARCH_PATHS = "$(inherited) @executable_path/Frameworks @loader_path/Frameworks";
				PRODUCT_BUNDLE_IDENTIFIER = fi.profitsoftware.FirstAppTests;
				PRODUCT_NAME = "$(TARGET_NAME)";
				TEST_HOST = "$(BUILT_PRODUCTS_DIR)/FirstApp.app/FirstApp";
			};
			name = Release;
		};
/* End XCBuildConfiguration section */

/* Begin XCConfigurationList section */
		94A319221C8F014C00D487CB /* Build configuration list for PBXProject "FirstApp" */ = {
			isa = XCConfigurationList;
			buildConfigurations = (
				94A319421C8F014D00D487CB /* Debug */,
				94A319431C8F014D00D487CB /* Release */,
			);
			defaultConfigurationIsVisible = 0;
			defaultConfigurationName = Release;
		};
		94A319441C8F014D00D487CB /* Build configuration list for PBXNativeTarget "FirstApp" */ = {
			isa = XCConfigurationList;
			buildConfigurations = (
				94A319451C8F014D00D487CB /* Debug */,
				94A319461C8F014D00D487CB /* Release */,
			);
			defaultConfigurationIsVisible = 0;
		};
		94A319471C8F014D00D487CB /* Build configuration list for PBXNativeTarget "FirstAppTests" */ = {
			isa = XCConfigurationList;
			buildConfigurations = (
				94A319481C8F014D00D487CB /* Debug */,
				94A319491C8F014D00D487CB /* Release */,
			);
			defaultConfigurationIsVisible = 0;
		};
/* End XCConfigurationList section */
	};
	rootObject = 94A3191F1C8F014C00D487CB /* Project object */;
}
